// !$*UTF8*$!
{
	archiveVersion = 1;
	classes = {
	};
	objectVersion = 46;
	objects = {

/* Begin PBXBuildFile section */
		95BE1F4E1A943800007DD0E5 /* AppDelegate.swift in Sources */ = {isa = PBXBuildFile; fileRef = 95BE1F4D1A943800007DD0E5 /* AppDelegate.swift */; };
		95BE1F511A943800007DD0E5 /* QuickShare.xcdatamodeld in Sources */ = {isa = PBXBuildFile; fileRef = 95BE1F4F1A943800007DD0E5 /* QuickShare.xcdatamodeld */; };
		95BE1F531A943800007DD0E5 /* ViewController.swift in Sources */ = {isa = PBXBuildFile; fileRef = 95BE1F521A943800007DD0E5 /* ViewController.swift */; };
		95BE1F561A943800007DD0E5 /* Main.storyboard in Resources */ = {isa = PBXBuildFile; fileRef = 95BE1F541A943800007DD0E5 /* Main.storyboard */; };
		95BE1F581A943800007DD0E5 /* Images.xcassets in Resources */ = {isa = PBXBuildFile; fileRef = 95BE1F571A943800007DD0E5 /* Images.xcassets */; };
		95BE1F5B1A943800007DD0E5 /* LaunchScreen.xib in Resources */ = {isa = PBXBuildFile; fileRef = 95BE1F591A943800007DD0E5 /* LaunchScreen.xib */; };
		95BE1F671A943800007DD0E5 /* QuickShareTests.swift in Sources */ = {isa = PBXBuildFile; fileRef = 95BE1F661A943800007DD0E5 /* QuickShareTests.swift */; };
/* End PBXBuildFile section */

/* Begin PBXContainerItemProxy section */
		95BE1F611A943800007DD0E5 /* PBXContainerItemProxy */ = {
			isa = PBXContainerItemProxy;
			containerPortal = 95BE1F401A9437FF007DD0E5 /* Project object */;
			proxyType = 1;
			remoteGlobalIDString = 95BE1F471A943800007DD0E5;
			remoteInfo = QuickShare;
		};
/* End PBXContainerItemProxy section */

/* Begin PBXFileReference section */
		95BE1F481A943800007DD0E5 /* QuickShare.app */ = {isa = PBXFileReference; explicitFileType = wrapper.application; includeInIndex = 0; path = QuickShare.app; sourceTree = BUILT_PRODUCTS_DIR; };
		95BE1F4C1A943800007DD0E5 /* Info.plist */ = {isa = PBXFileReference; lastKnownFileType = text.plist.xml; path = Info.plist; sourceTree = "<group>"; };
		95BE1F4D1A943800007DD0E5 /* AppDelegate.swift */ = {isa = PBXFileReference; lastKnownFileType = sourcecode.swift; path = AppDelegate.swift; sourceTree = "<group>"; };
		95BE1F501A943800007DD0E5 /* QuickShare.xcdatamodel */ = {isa = PBXFileReference; lastKnownFileType = wrapper.xcdatamodel; path = QuickShare.xcdatamodel; sourceTree = "<group>"; };
		95BE1F521A943800007DD0E5 /* ViewController.swift */ = {isa = PBXFileReference; lastKnownFileType = sourcecode.swift; path = ViewController.swift; sourceTree = "<group>"; };
		95BE1F551A943800007DD0E5 /* Base */ = {isa = PBXFileReference; lastKnownFileType = file.storyboard; name = Base; path = Base.lproj/Main.storyboard; sourceTree = "<group>"; };
		95BE1F571A943800007DD0E5 /* Images.xcassets */ = {isa = PBXFileReference; lastKnownFileType = folder.assetcatalog; path = Images.xcassets; sourceTree = "<group>"; };
		95BE1F5A1A943800007DD0E5 /* Base */ = {isa = PBXFileReference; lastKnownFileType = file.xib; name = Base; path = Base.lproj/LaunchScreen.xib; sourceTree = "<group>"; };
		95BE1F601A943800007DD0E5 /* QuickShareTests.xctest */ = {isa = PBXFileReference; explicitFileType = wrapper.cfbundle; includeInIndex = 0; path = QuickShareTests.xctest; sourceTree = BUILT_PRODUCTS_DIR; };
		95BE1F651A943800007DD0E5 /* Info.plist */ = {isa = PBXFileReference; lastKnownFileType = text.plist.xml; path = Info.plist; sourceTree = "<group>"; };
		95BE1F661A943800007DD0E5 /* QuickShareTests.swift */ = {isa = PBXFileReference; lastKnownFileType = sourcecode.swift; path = QuickShareTests.swift; sourceTree = "<group>"; };
/* End PBXFileReference section */

/* Begin PBXFrameworksBuildPhase section */
		95BE1F451A943800007DD0E5 /* Frameworks */ = {
			isa = PBXFrameworksBuildPhase;
			buildActionMask = 2147483647;
			files = (
			);
			runOnlyForDeploymentPostprocessing = 0;
		};
		95BE1F5D1A943800007DD0E5 /* Frameworks */ = {
			isa = PBXFrameworksBuildPhase;
			buildActionMask = 2147483647;
			files = (
			);
			runOnlyForDeploymentPostprocessing = 0;
		};
/* End PBXFrameworksBuildPhase section */

/* Begin PBXGroup section */
		95BE1F3F1A9437FF007DD0E5 = {
			isa = PBXGroup;
			children = (
				95BE1F4A1A943800007DD0E5 /* QuickShare */,
				95BE1F631A943800007DD0E5 /* QuickShareTests */,
				95BE1F491A943800007DD0E5 /* Products */,
			);
			sourceTree = "<group>";
		};
		95BE1F491A943800007DD0E5 /* Products */ = {
			isa = PBXGroup;
			children = (
				95BE1F481A943800007DD0E5 /* QuickShare.app */,
				95BE1F601A943800007DD0E5 /* QuickShareTests.xctest */,
			);
			name = Products;
			sourceTree = "<group>";
		};
		95BE1F4A1A943800007DD0E5 /* QuickShare */ = {
			isa = PBXGroup;
			children = (
				95BE1F4D1A943800007DD0E5 /* AppDelegate.swift */,
				95BE1F521A943800007DD0E5 /* ViewController.swift */,
				95BE1F541A943800007DD0E5 /* Main.storyboard */,
				95BE1F571A943800007DD0E5 /* Images.xcassets */,
				95BE1F591A943800007DD0E5 /* LaunchScreen.xib */,
				95BE1F4F1A943800007DD0E5 /* QuickShare.xcdatamodeld */,
				95BE1F4B1A943800007DD0E5 /* Supporting Files */,
			);
			path = QuickShare;
			sourceTree = "<group>";
		};
		95BE1F4B1A943800007DD0E5 /* Supporting Files */ = {
			isa = PBXGroup;
			children = (
				95BE1F4C1A943800007DD0E5 /* Info.plist */,
			);
			name = "Supporting Files";
			sourceTree = "<group>";
		};
		95BE1F631A943800007DD0E5 /* QuickShareTests */ = {
			isa = PBXGroup;
			children = (
				95BE1F661A943800007DD0E5 /* QuickShareTests.swift */,
				95BE1F641A943800007DD0E5 /* Supporting Files */,
			);
			path = QuickShareTests;
			sourceTree = "<group>";
		};
		95BE1F641A943800007DD0E5 /* Supporting Files */ = {
			isa = PBXGroup;
			children = (
				95BE1F651A943800007DD0E5 /* Info.plist */,
			);
			name = "Supporting Files";
			sourceTree = "<group>";
		};
/* End PBXGroup section */

/* Begin PBXNativeTarget section */
		95BE1F471A943800007DD0E5 /* QuickShare */ = {
			isa = PBXNativeTarget;
			buildConfigurationList = 95BE1F6A1A943800007DD0E5 /* Build configuration list for PBXNativeTarget "QuickShare" */;
			buildPhases = (
				95BE1F441A943800007DD0E5 /* Sources */,
				95BE1F451A943800007DD0E5 /* Frameworks */,
				95BE1F461A943800007DD0E5 /* Resources */,
			);
			buildRules = (
			);
			dependencies = (
			);
			name = QuickShare;
			productName = QuickShare;
			productReference = 95BE1F481A943800007DD0E5 /* QuickShare.app */;
			productType = "com.apple.product-type.application";
		};
		95BE1F5F1A943800007DD0E5 /* QuickShareTests */ = {
			isa = PBXNativeTarget;
			buildConfigurationList = 95BE1F6D1A943800007DD0E5 /* Build configuration list for PBXNativeTarget "QuickShareTests" */;
			buildPhases = (
				95BE1F5C1A943800007DD0E5 /* Sources */,
				95BE1F5D1A943800007DD0E5 /* Frameworks */,
				95BE1F5E1A943800007DD0E5 /* Resources */,
			);
			buildRules = (
			);
			dependencies = (
				95BE1F621A943800007DD0E5 /* PBXTargetDependency */,
			);
			name = QuickShareTests;
			productName = QuickShareTests;
			productReference = 95BE1F601A943800007DD0E5 /* QuickShareTests.xctest */;
			productType = "com.apple.product-type.bundle.unit-test";
		};
/* End PBXNativeTarget section */

/* Begin PBXProject section */
		95BE1F401A9437FF007DD0E5 /* Project object */ = {
			isa = PBXProject;
			attributes = {
				LastUpgradeCheck = 0610;
				ORGANIZATIONNAME = Kunwar;
				TargetAttributes = {
					95BE1F471A943800007DD0E5 = {
						CreatedOnToolsVersion = 6.1.1;
					};
					95BE1F5F1A943800007DD0E5 = {
						CreatedOnToolsVersion = 6.1.1;
						TestTargetID = 95BE1F471A943800007DD0E5;
					};
				};
			};
			buildConfigurationList = 95BE1F431A9437FF007DD0E5 /* Build configuration list for PBXProject "QuickShare" */;
			compatibilityVersion = "Xcode 3.2";
			developmentRegion = English;
			hasScannedForEncodings = 0;
			knownRegions = (
				en,
				Base,
			);
			mainGroup = 95BE1F3F1A9437FF007DD0E5;
			productRefGroup = 95BE1F491A943800007DD0E5 /* Products */;
			projectDirPath = "";
			projectRoot = "";
			targets = (
				95BE1F471A943800007DD0E5 /* QuickShare */,
				95BE1F5F1A943800007DD0E5 /* QuickShareTests */,
			);
		};
/* End PBXProject section */

/* Begin PBXResourcesBuildPhase section */
		95BE1F461A943800007DD0E5 /* Resources */ = {
			isa = PBXResourcesBuildPhase;
			buildActionMask = 2147483647;
			files = (
				95BE1F561A943800007DD0E5 /* Main.storyboard in Resources */,
				95BE1F5B1A943800007DD0E5 /* LaunchScreen.xib in Resources */,
				95BE1F581A943800007DD0E5 /* Images.xcassets in Resources */,
			);
			runOnlyForDeploymentPostprocessing = 0;
		};
		95BE1F5E1A943800007DD0E5 /* Resources */ = {
			isa = PBXResourcesBuildPhase;
			buildActionMask = 2147483647;
			files = (
			);
			runOnlyForDeploymentPostprocessing = 0;
		};
/* End PBXResourcesBuildPhase section */

/* Begin PBXSourcesBuildPhase section */
		95BE1F441A943800007DD0E5 /* Sources */ = {
			isa = PBXSourcesBuildPhase;
			buildActionMask = 2147483647;
			files = (
				95BE1F531A943800007DD0E5 /* ViewController.swift in Sources */,
				95BE1F4E1A943800007DD0E5 /* AppDelegate.swift in Sources */,
				95BE1F511A943800007DD0E5 /* QuickShare.xcdatamodeld in Sources */,
			);
			runOnlyForDeploymentPostprocessing = 0;
		};
		95BE1F5C1A943800007DD0E5 /* Sources */ = {
			isa = PBXSourcesBuildPhase;
			buildActionMask = 2147483647;
			files = (
				95BE1F671A943800007DD0E5 /* QuickShareTests.swift in Sources */,
			);
			runOnlyForDeploymentPostprocessing = 0;
		};
/* End PBXSourcesBuildPhase section */

/* Begin PBXTargetDependency section */
		95BE1F621A943800007DD0E5 /* PBXTargetDependency */ = {
			isa = PBXTargetDependency;
			target = 95BE1F471A943800007DD0E5 /* QuickShare */;
			targetProxy = 95BE1F611A943800007DD0E5 /* PBXContainerItemProxy */;
		};
/* End PBXTargetDependency section */

/* Begin PBXVariantGroup section */
		95BE1F541A943800007DD0E5 /* Main.storyboard */ = {
			isa = PBXVariantGroup;
			children = (
				95BE1F551A943800007DD0E5 /* Base */,
			);
			name = Main.storyboard;
			sourceTree = "<group>";
		};
		95BE1F591A943800007DD0E5 /* LaunchScreen.xib */ = {
			isa = PBXVariantGroup;
			children = (
				95BE1F5A1A943800007DD0E5 /* Base */,
			);
			name = LaunchScreen.xib;
			sourceTree = "<group>";
		};
/* End PBXVariantGroup section */

/* Begin XCBuildConfiguration section */
		95BE1F681A943800007DD0E5 /* Debug */ = {
			isa = XCBuildConfiguration;
			buildSettings = {
				ALWAYS_SEARCH_USER_PATHS = NO;
				CLANG_CXX_LANGUAGE_STANDARD = "gnu++0x";
				CLANG_CXX_LIBRARY = "libc++";
				CLANG_ENABLE_MODULES = YES;
				CLANG_ENABLE_OBJC_ARC = YES;
				CLANG_WARN_BOOL_CONVERSION = YES;
				CLANG_WARN_CONSTANT_CONVERSION = YES;
				CLANG_WARN_DIRECT_OBJC_ISA_USAGE = YES_ERROR;
				CLANG_WARN_EMPTY_BODY = YES;
				CLANG_WARN_ENUM_CONVERSION = YES;
				CLANG_WARN_INT_CONVERSION = YES;
				CLANG_WARN_OBJC_ROOT_CLASS = YES_ERROR;
				CLANG_WARN_UNREACHABLE_CODE = YES;
				CLANG_WARN__DUPLICATE_METHOD_MATCH = YES;
				"CODE_SIGN_IDENTITY[sdk=iphoneos*]" = "iPhone Developer";
				COPY_PHASE_STRIP = NO;
				ENABLE_STRICT_OBJC_MSGSEND = YES;
				GCC_C_LANGUAGE_STANDARD = gnu99;
				GCC_DYNAMIC_NO_PIC = NO;
				GCC_OPTIMIZATION_LEVEL = 0;
				GCC_PREPROCESSOR_DEFINITIONS = (
					"DEBUG=1",
					"$(inherited)",
				);
				GCC_SYMBOLS_PRIVATE_EXTERN = NO;
				GCC_WARN_64_TO_32_BIT_CONVERSION = YES;
				GCC_WARN_ABOUT_RETURN_TYPE = YES_ERROR;
				GCC_WARN_UNDECLARED_SELECTOR = YES;
				GCC_WARN_UNINITIALIZED_AUTOS = YES_AGGRESSIVE;
				GCC_WARN_UNUSED_FUNCTION = YES;
				GCC_WARN_UNUSED_VARIABLE = YES;
				IPHONEOS_DEPLOYMENT_TARGET = 8.1;
				MTL_ENABLE_DEBUG_INFO = YES;
				ONLY_ACTIVE_ARCH = YES;
				SDKROOT = iphoneos;
				SWIFT_OPTIMIZATION_LEVEL = "-Onone";
				TARGETED_DEVICE_FAMILY = "1,2";
			};
			name = Debug;
		};
		95BE1F691A943800007DD0E5 /* Release */ = {
			isa = XCBuildConfiguration;
			buildSettings = {
				ALWAYS_SEARCH_USER_PATHS = NO;
				CLANG_CXX_LANGUAGE_STANDARD = "gnu++0x";
				CLANG_CXX_LIBRARY = "libc++";
				CLANG_ENABLE_MODULES = YES;
				CLANG_ENABLE_OBJC_ARC = YES;
				CLANG_WARN_BOOL_CONVERSION = YES;
				CLANG_WARN_CONSTANT_CONVERSION = YES;
				CLANG_WARN_DIRECT_OBJC_ISA_USAGE = YES_ERROR;
				CLANG_WARN_EMPTY_BODY = YES;
				CLANG_WARN_ENUM_CONVERSION = YES;
				CLANG_WARN_INT_CONVERSION = YES;
				CLANG_WARN_OBJC_ROOT_CLASS = YES_ERROR;
				CLANG_WARN_UNREACHABLE_CODE = YES;
				CLANG_WARN__DUPLICATE_METHOD_MATCH = YES;
				"CODE_SIGN_IDENTITY[sdk=iphoneos*]" = "iPhone Developer";
				COPY_PHASE_STRIP = YES;
				ENABLE_NS_ASSERTIONS = NO;
				ENABLE_STRICT_OBJC_MSGSEND = YES;
				GCC_C_LANGUAGE_STANDARD = gnu99;
				GCC_WARN_64_TO_32_BIT_CONVERSION = YES;
				GCC_WARN_ABOUT_RETURN_TYPE = YES_ERROR;
				GCC_WARN_UNDECLARED_SELECTOR = YES;
				GCC_WARN_UNINITIALIZED_AUTOS = YES_AGGRESSIVE;
				GCC_WARN_UNUSED_FUNCTION = YES;
				GCC_WARN_UNUSED_VARIABLE = YES;
				IPHONEOS_DEPLOYMENT_TARGET = 8.1;
				MTL_ENABLE_DEBUG_INFO = NO;
				SDKROOT = iphoneos;
				TARGETED_DEVICE_FAMILY = "1,2";
				VALIDATE_PRODUCT = YES;
			};
			name = Release;
		};
		95BE1F6B1A943800007DD0E5 /* Debug */ = {
			isa = XCBuildConfiguration;
			buildSettings = {
				ASSETCATALOG_COMPILER_APPICON_NAME = AppIcon;
				INFOPLIST_FILE = QuickShare/Info.plist;
				LD_RUNPATH_SEARCH_PATHS = "$(inherited) @executable_path/Frameworks";
				PRODUCT_NAME = "$(TARGET_NAME)";
			};
			name = Debug;
		};
		95BE1F6C1A943800007DD0E5 /* Release */ = {
			isa = XCBuildConfiguration;
			buildSettings = {
				ASSETCATALOG_COMPILER_APPICON_NAME = AppIcon;
				INFOPLIST_FILE = QuickShare/Info.plist;
				LD_RUNPATH_SEARCH_PATHS = "$(inherited) @executable_path/Frameworks";
				PRODUCT_NAME = "$(TARGET_NAME)";
			};
			name = Release;
		};
		95BE1F6E1A943800007DD0E5 /* Debug */ = {
			isa = XCBuildConfiguration;
			buildSettings = {
				BUNDLE_LOADER = "$(TEST_HOST)";
				FRAMEWORK_SEARCH_PATHS = (
					"$(SDKROOT)/Developer/Library/Frameworks",
					"$(inherited)",
				);
				GCC_PREPROCESSOR_DEFINITIONS = (
					"DEBUG=1",
					"$(inherited)",
				);
				INFOPLIST_FILE = QuickShareTests/Info.plist;
				LD_RUNPATH_SEARCH_PATHS = "$(inherited) @executable_path/Frameworks @loader_path/Frameworks";
				PRODUCT_NAME = "$(TARGET_NAME)";
				TEST_HOST = "$(BUILT_PRODUCTS_DIR)/QuickShare.app/QuickShare";
			};
			name = Debug;
		};
		95BE1F6F1A943800007DD0E5 /* Release */ = {
			isa = XCBuildConfiguration;
			buildSettings = {
				BUNDLE_LOADER = "$(TEST_HOST)";
				FRAMEWORK_SEARCH_PATHS = (
					"$(SDKROOT)/Developer/Library/Frameworks",
					"$(inherited)",
				);
				INFOPLIST_FILE = QuickShareTests/Info.plist;
				LD_RUNPATH_SEARCH_PATHS = "$(inherited) @executable_path/Frameworks @loader_path/Frameworks";
				PRODUCT_NAME = "$(TARGET_NAME)";
				TEST_HOST = "$(BUILT_PRODUCTS_DIR)/QuickShare.app/QuickShare";
			};
			name = Release;
		};
/* End XCBuildConfiguration section */

/* Begin XCConfigurationList section */
		95BE1F431A9437FF007DD0E5 /* Build configuration list for PBXProject "QuickShare" */ = {
			isa = XCConfigurationList;
			buildConfigurations = (
				95BE1F681A943800007DD0E5 /* Debug */,
				95BE1F691A943800007DD0E5 /* Release */,
			);
			defaultConfigurationIsVisible = 0;
			defaultConfigurationName = Release;
		};
		95BE1F6A1A943800007DD0E5 /* Build configuration list for PBXNativeTarget "QuickShare" */ = {
			isa = XCConfigurationList;
			buildConfigurations = (
				95BE1F6B1A943800007DD0E5 /* Debug */,
				95BE1F6C1A943800007DD0E5 /* Release */,
			);
			defaultConfigurationIsVisible = 0;
		};
		95BE1F6D1A943800007DD0E5 /* Build configuration list for PBXNativeTarget "QuickShareTests" */ = {
			isa = XCConfigurationList;
			buildConfigurations = (
				95BE1F6E1A943800007DD0E5 /* Debug */,
				95BE1F6F1A943800007DD0E5 /* Release */,
			);
			defaultConfigurationIsVisible = 0;
		};
/* End XCConfigurationList section */

/* Begin XCVersionGroup section */
		95BE1F4F1A943800007DD0E5 /* QuickShare.xcdatamodeld */ = {
			isa = XCVersionGroup;
			children = (
				95BE1F501A943800007DD0E5 /* QuickShare.xcdatamodel */,
			);
			currentVersion = 95BE1F501A943800007DD0E5 /* QuickShare.xcdatamodel */;
			path = QuickShare.xcdatamodeld;
			sourceTree = "<group>";
			versionGroupType = wrapper.xcdatamodel;
		};
/* End XCVersionGroup section */
	};
	rootObject = 95BE1F401A9437FF007DD0E5 /* Project object */;
}
